# THIS IS AN AUTOGENERATED FILE. DO NOT EDIT THIS FILE DIRECTLY.
# yarn lockfile v1


csshake@^1.5.3:
  version "1.5.3"
  resolved "https://registry.yarnpkg.com/csshake/-/csshake-1.5.3.tgz#5561f310c2c1e5a74a5f665b44294594b30b425a"
  integrity sha512-1vSyB+N/rdq7QSfqKs/Aj/LKzWFy3xdWpgEuJ63nJw1DmHDTC4rbzkagH9/aVT5otbX77i1cq99OPDIFJofAkQ==
